{
  "R": {
    "Version": "4.3.0",
    "Repositories": [
      {
        "Name": "CRAN",
        "URL": "https://cran.rstudio.com"
      }
    ]
  },
  "Packages": {
    "BH": {
      "Package": "BH",
      "Version": "1.81.0-1",
      "Source": "Repository",
      "Repository": "CRAN",
      "Hash": "68122010f01c4dcfbe58ce7112f2433d",
      "Requirements": []
    },
    "DBI": {
      "Package": "DBI",
      "Version": "1.1.3",
      "Source": "Repository",
      "Repository": "CRAN",
      "Hash": "b2866e62bab9378c3cc9476a1954226b",
      "Requirements": []
    },
    "R6": {
      "Package": "R6",
      "Version": "2.5.1",
      "Source": "Repository",
      "Repository": "CRAN",
      "Hash": "470851b6d5d0ac559e9d01bb352b4021",
      "Requirements": []
    },
    "Rcpp": {
      "Package": "Rcpp",
      "Version": "1.0.10",
      "Source": "Repository",
      "Repository": "CRAN",
      "Hash": "e749cae40fa9ef469b6050959517453c",
      "Requirements": []
    },
    "askpass": {
      "Package": "askpass",
      "Version": "1.1",
      "Source": "Repository",
      "Repository": "CRAN",
      "Hash": "e8a22846fff485f0be3770c2da758713",
      "Requirements": [
        "sys"
      ]
    },
    "base64enc": {
      "Package": "base64enc",
      "Version": "0.1-3",
      "Source": "Repository",
      "Repository": "CRAN",
      "Hash": "543776ae6848fde2f48ff3816d0628bc",
      "Requirements": []
    },
    "bit": {
      "Package": "bit",
      "Version": "4.0.5",
      "Source": "Repository",
      "Repository": "CRAN",
      "Hash": "d242abec29412ce988848d0294b208fd",
      "Requirements": []
    },
    "bit64": {
      "Package": "bit64",
      "Version": "4.0.5",
      "Source": "Repository",
      "Repository": "CRAN",
      "Hash": "9fe98599ca456d6552421db0d6772d8f",
      "Requirements": [
        "bit"
      ]
    },
    "blob": {
      "Package": "blob",
      "Version": "1.2.4",
      "Source": "Repository",
      "Repository": "CRAN",
      "Hash": "40415719b5a479b87949f3aa0aee737c",
      "Requirements": [
        "rlang",
        "vctrs"
      ]
    },
    "brio": {
      "Package": "brio",
      "Version": "1.1.3",
      "Source": "Repository",
      "Repository": "CRAN",
      "Hash": "976cf154dfb043c012d87cddd8bca363",
      "Requirements": []
    },
    "bslib": {
      "Package": "bslib",
      "Version": "0.5.0",
      "Source": "Repository",
      "Repository": "CRAN",
      "Hash": "1b117970533deb6d4e992c1b34e9d905",
      "Requirements": [
        "base64enc",
        "cachem",
        "htmltools",
        "jquerylib",
        "jsonlite",
        "memoise",
        "mime",
        "rlang",
        "sass"
      ]
    },
    "cachem": {
      "Package": "cachem",
      "Version": "1.0.8",
      "Source": "Repository",
      "Repository": "CRAN",
      "Hash": "c35768291560ce302c0a6589f92e837d",
      "Requirements": [
        "fastmap",
        "rlang"
      ]
    },
    "callr": {
      "Package": "callr",
      "Version": "3.7.3",
      "Source": "Repository",
      "Repository": "CRAN",
      "Hash": "9b2191ede20fa29828139b9900922e51",
      "Requirements": [
        "R6",
        "processx"
      ]
    },
    "cli": {
      "Package": "cli",
      "Version": "3.6.1",
      "Source": "Repository",
      "Repository": "CRAN",
      "Hash": "89e6d8219950eac806ae0c489052048a",
      "Requirements": []
    },
    "clipr": {
      "Package": "clipr",
      "Version": "0.8.0",
      "Source": "Repository",
      "Repository": "CRAN",
      "Hash": "3f038e5ac7f41d4ac41ce658c85e3042",
      "Requirements": []
    },
    "cpp11": {
      "Package": "cpp11",
      "Version": "0.4.3",
      "Source": "Repository",
      "Repository": "CRAN",
      "Hash": "ed588261931ee3be2c700d22e94a29ab",
      "Requirements": []
    },
    "crayon": {
      "Package": "crayon",
      "Version": "1.5.2",
      "Source": "Repository",
      "Repository": "CRAN",
      "Hash": "e8a1e41acf02548751f45c718d55aa6a",
      "Requirements": []
    },
    "credentials": {
      "Package": "credentials",
      "Version": "1.3.2",
      "Source": "Repository",
      "Repository": "CRAN",
      "Hash": "93762d0a34d78e6a025efdbfb5c6bb41",
      "Requirements": [
        "askpass",
        "curl",
        "jsonlite",
        "openssl",
        "sys"
      ]
    },
    "curl": {
      "Package": "curl",
      "Version": "5.0.1",
      "Source": "Repository",
      "Repository": "CRAN",
      "Hash": "2118af9cb164c8d2dddc7b89eaf732d9",
      "Requirements": []
    },
    "data.table": {
      "Package": "data.table",
      "Version": "1.14.8",
      "Source": "Repository",
      "Repository": "CRAN",
      "Hash": "b4c06e554f33344e044ccd7fdca750a9",
      "Requirements": []
    },
    "desc": {
      "Package": "desc",
      "Version": "1.4.2",
      "Source": "Repository",
      "Repository": "CRAN",
      "Hash": "6b9602c7ebbe87101a9c8edb6e8b6d21",
      "Requirements": [
        "R6",
        "cli",
        "rprojroot"
      ]
    },
    "digest": {
      "Package": "digest",
      "Version": "0.6.32",
      "Source": "Repository",
      "Repository": "CRAN",
      "Hash": "011ce1464a4716c488f4fc649c3d4d50",
      "Requirements": []
    },
    "downlit": {
      "Package": "downlit",
      "Version": "0.4.3",
      "Source": "Repository",
      "Repository": "CRAN",
      "Hash": "14fa1f248b60ed67e1f5418391a17b14",
      "Requirements": [
        "brio",
        "desc",
        "digest",
        "evaluate",
        "fansi",
        "memoise",
        "rlang",
        "vctrs",
        "withr",
        "yaml"
      ]
    },
    "ellipsis": {
      "Package": "ellipsis",
      "Version": "0.3.2",
      "Source": "Repository",
      "Repository": "CRAN",
      "Hash": "bb0eec2fe32e88d9e2836c2f73ea2077",
      "Requirements": [
        "rlang"
      ]
    },
    "evaluate": {
      "Package": "evaluate",
      "Version": "0.21",
      "Source": "Repository",
      "Repository": "CRAN",
      "Hash": "d59f3b464e8da1aef82dc04b588b8dfb",
      "Requirements": []
    },
    "fansi": {
      "Package": "fansi",
      "Version": "1.0.4",
      "Source": "Repository",
      "Repository": "CRAN",
      "Hash": "1d9e7ad3c8312a192dea7d3db0274fde",
      "Requirements": []
    },
    "fastmap": {
      "Package": "fastmap",
      "Version": "1.1.1",
      "Source": "Repository",
      "Repository": "CRAN",
      "Hash": "f7736a18de97dea803bde0a2daaafb27",
      "Requirements": []
    },
    "fontawesome": {
      "Package": "fontawesome",
      "Version": "0.5.1",
      "Source": "Repository",
      "Repository": "CRAN",
      "Hash": "1e22b8cabbad1eae951a75e9f8b52378",
      "Requirements": [
        "htmltools",
        "rlang"
      ]
    },
    "fs": {
      "Package": "fs",
      "Version": "1.6.2",
      "Source": "Repository",
      "Repository": "CRAN",
      "Hash": "94af08e0aa9675a16fadbb3aaaa90d2a",
      "Requirements": []
    },
    "generics": {
      "Package": "generics",
      "Version": "0.1.3",
      "Source": "Repository",
      "Repository": "CRAN",
      "Hash": "15e9634c0fcd294799e9b2e929ed1b86",
      "Requirements": []
    },
    "gert": {
      "Package": "gert",
      "Version": "1.9.2",
      "Source": "Repository",
      "Repository": "CRAN",
      "Hash": "9122b3958e749badb5c939f498038b57",
      "Requirements": [
        "askpass",
        "credentials",
        "openssl",
        "rstudioapi",
        "sys",
        "zip"
      ]
    },
    "gh": {
      "Package": "gh",
      "Version": "1.4.0",
      "Source": "Repository",
      "Repository": "CRAN",
      "Hash": "03533b1c875028233598f848fda44c4c",
      "Requirements": [
        "cli",
        "gitcreds",
        "httr2",
        "ini",
        "jsonlite",
        "rlang"
      ]
    },
    "gitcreds": {
      "Package": "gitcreds",
      "Version": "0.1.2",
      "Source": "Repository",
      "Repository": "CRAN",
      "Hash": "ab08ac61f3e1be454ae21911eb8bc2fe",
      "Requirements": []
    },
    "glue": {
      "Package": "glue",
      "Version": "1.6.2",
      "Source": "Repository",
      "Repository": "CRAN",
      "Hash": "4f2596dfb05dac67b9dc558e5c6fba2e",
      "Requirements": []
    },
    "highr": {
      "Package": "highr",
      "Version": "0.10",
      "Source": "Repository",
      "Repository": "CRAN",
      "Hash": "06230136b2d2b9ba5805e1963fa6e890",
      "Requirements": [
        "xfun"
      ]
    },
    "hms": {
      "Package": "hms",
      "Version": "1.1.3",
      "Source": "Repository",
      "Repository": "CRAN",
      "Hash": "b59377caa7ed00fa41808342002138f9",
      "Requirements": [
        "lifecycle",
        "pkgconfig",
        "rlang",
        "vctrs"
      ]
    },
    "htmltools": {
      "Package": "htmltools",
      "Version": "0.5.5",
      "Source": "Repository",
      "Repository": "CRAN",
      "Hash": "ba0240784ad50a62165058a27459304a",
      "Requirements": [
        "base64enc",
        "digest",
        "ellipsis",
        "fastmap",
        "rlang"
      ]
    },
    "httr": {
      "Package": "httr",
      "Version": "1.4.6",
      "Source": "Repository",
      "Repository": "CRAN",
      "Hash": "7e5e3cbd2a7bc07880c94e22348fb661",
      "Requirements": [
        "R6",
        "curl",
        "jsonlite",
        "mime",
        "openssl"
      ]
    },
    "httr2": {
      "Package": "httr2",
      "Version": "0.2.3",
      "Source": "Repository",
      "Repository": "CRAN",
      "Hash": "193bb297368afbbb42dc85784a46b36e",
      "Requirements": [
        "R6",
        "cli",
        "curl",
        "glue",
        "magrittr",
        "openssl",
        "rappdirs",
        "rlang",
        "withr"
      ]
    },
    "ini": {
      "Package": "ini",
      "Version": "0.3.1",
      "Source": "Repository",
      "Repository": "CRAN",
      "Hash": "6154ec2223172bce8162d4153cda21f7",
      "Requirements": []
    },
    "jquerylib": {
      "Package": "jquerylib",
      "Version": "0.1.4",
      "Source": "Repository",
      "Repository": "CRAN",
      "Hash": "5aab57a3bd297eee1c1d862735972182",
      "Requirements": [
        "htmltools"
      ]
    },
    "jsonlite": {
      "Package": "jsonlite",
      "Version": "1.8.7",
      "Source": "Repository",
      "Repository": "CRAN",
      "Hash": "266a20443ca13c65688b2116d5220f76",
      "Requirements": []
    },
    "knitr": {
      "Package": "knitr",
      "Version": "1.43",
      "Source": "Repository",
      "Repository": "CRAN",
      "Hash": "9775eb076713f627c07ce41d8199d8f6",
      "Requirements": [
        "evaluate",
        "highr",
        "xfun",
        "yaml"
      ]
    },
    "lifecycle": {
      "Package": "lifecycle",
      "Version": "1.0.3",
      "Source": "Repository",
      "Repository": "CRAN",
      "Hash": "001cecbeac1cff9301bdc3775ee46a86",
      "Requirements": [
        "cli",
        "glue",
        "rlang"
      ]
    },
    "lubridate": {
      "Package": "lubridate",
      "Version": "1.9.2",
      "Source": "Repository",
      "Repository": "CRAN",
      "Hash": "e25f18436e3efd42c7c590a1c4c15390",
      "Requirements": [
        "generics",
        "timechange"
      ]
    },
    "magrittr": {
      "Package": "magrittr",
      "Version": "2.0.3",
      "Source": "Repository",
      "Repository": "CRAN",
      "Hash": "7ce2733a9826b3aeb1775d56fd305472",
      "Requirements": []
    },
    "memoise": {
      "Package": "memoise",
      "Version": "2.0.1",
      "Source": "Repository",
      "Repository": "CRAN",
      "Hash": "e2817ccf4a065c5d9d7f2cfbe7c1d78c",
      "Requirements": [
        "cachem",
        "rlang"
      ]
    },
    "mime": {
      "Package": "mime",
      "Version": "0.12",
      "Source": "Repository",
      "Repository": "CRAN",
      "Hash": "18e9c28c1d3ca1560ce30658b22ce104",
      "Requirements": []
    },
    "odbc": {
      "Package": "odbc",
      "Version": "1.3.5",
      "Source": "Repository",
      "Repository": "CRAN",
      "Hash": "d42c4f464e14ce542718a17525265e05",
      "Requirements": [
        "DBI",
        "Rcpp",
        "bit64",
        "blob",
        "hms",
        "rlang"
      ]
    },
    "openssl": {
      "Package": "openssl",
      "Version": "2.0.6",
      "Source": "Repository",
      "Repository": "CRAN",
      "Hash": "0f7cd2962e3044bb940cca4f4b5cecbe",
      "Requirements": [
        "askpass"
      ]
    },
    "phonics": {
      "Package": "phonics",
      "Version": "1.3.10",
      "Source": "Repository",
      "Repository": "CRAN",
      "Hash": "1240e0d1fd1da89666a33d161599a6be",
      "Requirements": [
        "BH",
        "Rcpp",
        "data.table"
      ]
    },
    "pillar": {
      "Package": "pillar",
      "Version": "1.9.0",
      "Source": "Repository",
      "Repository": "CRAN",
      "Hash": "15da5a8412f317beeee6175fbc76f4bb",
      "Requirements": [
        "cli",
        "fansi",
        "glue",
        "lifecycle",
        "rlang",
        "utf8",
        "vctrs"
      ]
    },
    "pkgconfig": {
      "Package": "pkgconfig",
      "Version": "2.0.3",
      "Source": "Repository",
      "Repository": "CRAN",
      "Hash": "01f28d4278f15c76cddbea05899c5d6f",
      "Requirements": []
    },
    "pkgdown": {
      "Package": "pkgdown",
      "Version": "2.0.7",
      "Source": "Repository",
      "Repository": "CRAN",
      "Hash": "16fa15449c930bf3a7761d3c68f8abf9",
      "Requirements": [
        "bslib",
        "callr",
        "cli",
        "desc",
        "digest",
        "downlit",
        "fs",
        "httr",
        "jsonlite",
        "magrittr",
        "memoise",
        "purrr",
        "ragg",
        "rlang",
        "rmarkdown",
        "tibble",
        "whisker",
        "withr",
        "xml2",
        "yaml"
      ]
    },
    "prettyunits": {
      "Package": "prettyunits",
      "Version": "1.1.1",
      "Source": "Repository",
      "Repository": "CRAN",
      "Hash": "95ef9167b75dde9d2ccc3c7528393e7e",
      "Requirements": []
    },
    "processx": {
      "Package": "processx",
      "Version": "3.8.1",
      "Source": "Repository",
      "Repository": "CRAN",
      "Hash": "d75b4059d781336efba24021915902b4",
      "Requirements": [
        "R6",
        "ps"
      ]
    },
    "progress": {
      "Package": "progress",
      "Version": "1.2.2",
      "Source": "Repository",
      "Repository": "CRAN",
      "Hash": "14dc9f7a3c91ebb14ec5bb9208a07061",
      "Requirements": [
        "R6",
        "crayon",
        "hms",
        "prettyunits"
      ]
    },
    "ps": {
      "Package": "ps",
      "Version": "1.7.5",
      "Source": "Repository",
      "Repository": "CRAN",
      "Hash": "709d852d33178db54b17c722e5b1e594",
      "Requirements": []
    },
    "purrr": {
      "Package": "purrr",
      "Version": "1.0.1",
      "Source": "Repository",
      "Repository": "CRAN",
      "Hash": "d71c815267c640f17ddbf7f16144b4bb",
      "Requirements": [
        "cli",
        "lifecycle",
        "magrittr",
        "rlang",
        "vctrs"
      ]
    },
    "ragg": {
      "Package": "ragg",
      "Version": "1.2.5",
      "Source": "Repository",
      "Repository": "CRAN",
      "Hash": "690bc058ea2b1b8a407d3cfe3dce3ef9",
      "Requirements": [
        "systemfonts",
        "textshaping"
      ]
    },
    "rappdirs": {
      "Package": "rappdirs",
      "Version": "0.3.3",
      "Source": "Repository",
      "Repository": "CRAN",
      "Hash": "5e3c5dc0b071b21fa128676560dbe94d",
      "Requirements": []
    },
    "readr": {
      "Package": "readr",
      "Version": "2.1.4",
      "Source": "Repository",
      "Repository": "CRAN",
      "Hash": "b5047343b3825f37ad9d3b5d89aa1078",
      "Requirements": [
        "R6",
        "cli",
        "clipr",
        "cpp11",
        "crayon",
        "hms",
        "lifecycle",
        "rlang",
        "tibble",
        "tzdb",
        "vroom"
      ]
    },
    "renv": {
      "Package": "renv",
      "Version": "0.16.0",
      "Source": "Repository",
      "Repository": "CRAN",
      "Hash": "c9e8442ab69bc21c9697ecf856c1e6c7",
      "Requirements": []
    },
    "rlang": {
      "Package": "rlang",
      "Version": "1.1.1",
      "Source": "Repository",
      "Repository": "CRAN",
      "Hash": "a85c767b55f0bf9b7ad16c6d7baee5bb",
      "Requirements": []
    },
    "rmarkdown": {
      "Package": "rmarkdown",
      "Version": "2.22",
      "Source": "Repository",
      "Repository": "CRAN",
      "Hash": "75a01be060d800ceb14e32c666cacac9",
      "Requirements": [
        "bslib",
        "evaluate",
        "fontawesome",
        "htmltools",
        "jquerylib",
        "jsonlite",
        "knitr",
        "stringr",
        "tinytex",
        "xfun",
        "yaml"
      ]
    },
    "rprojroot": {
      "Package": "rprojroot",
      "Version": "2.0.3",
      "Source": "Repository",
      "Repository": "CRAN",
      "Hash": "1de7ab598047a87bba48434ba35d497d",
      "Requirements": []
    },
    "rstudioapi": {
      "Package": "rstudioapi",
      "Version": "0.14",
      "Source": "Repository",
      "Repository": "CRAN",
      "Hash": "690bd2acc42a9166ce34845884459320",
      "Requirements": []
    },
    "sass": {
      "Package": "sass",
      "Version": "0.4.6",
      "Source": "Repository",
      "Repository": "CRAN",
      "Hash": "cc3ec7dd33982ef56570229b62d6388e",
      "Requirements": [
        "R6",
        "fs",
        "htmltools",
        "rappdirs",
        "rlang"
      ]
    },
    "stringi": {
      "Package": "stringi",
      "Version": "1.7.12",
      "Source": "Repository",
      "Repository": "CRAN",
      "Hash": "ca8bd84263c77310739d2cf64d84d7c9",
      "Requirements": []
    },
    "stringr": {
      "Package": "stringr",
      "Version": "1.5.0",
      "Source": "Repository",
      "Repository": "CRAN",
      "Hash": "671a4d384ae9d32fc47a14e98bfa3dc8",
      "Requirements": [
        "cli",
        "glue",
        "lifecycle",
        "magrittr",
        "rlang",
        "stringi",
        "vctrs"
      ]
    },
    "sys": {
      "Package": "sys",
      "Version": "3.4.2",
      "Source": "Repository",
      "Repository": "CRAN",
      "Hash": "3a1be13d68d47a8cd0bfd74739ca1555",
      "Requirements": []
    },
    "systemfonts": {
      "Package": "systemfonts",
      "Version": "1.0.4",
      "Source": "Repository",
      "Repository": "CRAN",
      "Hash": "90b28393209827327de889f49935140a",
      "Requirements": [
        "cpp11"
      ]
    },
    "textshaping": {
      "Package": "textshaping",
      "Version": "0.3.6",
      "Source": "Repository",
      "Repository": "CRAN",
      "Hash": "1ab6223d3670fac7143202cb6a2d43d5",
      "Requirements": [
        "cpp11",
        "systemfonts"
      ]
    },
    "tibble": {
      "Package": "tibble",
      "Version": "3.2.1",
      "Source": "Repository",
      "Repository": "CRAN",
      "Hash": "a84e2cc86d07289b3b6f5069df7a004c",
      "Requirements": [
        "fansi",
        "lifecycle",
        "magrittr",
        "pillar",
        "pkgconfig",
        "rlang",
        "vctrs"
      ]
    },
    "tidyselect": {
      "Package": "tidyselect",
      "Version": "1.2.0",
      "Source": "Repository",
      "Repository": "CRAN",
      "Hash": "79540e5fcd9e0435af547d885f184fd5",
      "Requirements": [
        "cli",
        "glue",
        "lifecycle",
        "rlang",
        "vctrs",
        "withr"
      ]
    },
    "timechange": {
      "Package": "timechange",
      "Version": "0.2.0",
      "Source": "Repository",
      "Repository": "CRAN",
      "Hash": "8548b44f79a35ba1791308b61e6012d7",
      "Requirements": [
        "cpp11"
      ]
    },
    "tinytex": {
      "Package": "tinytex",
      "Version": "0.45",
      "Source": "Repository",
      "Repository": "CRAN",
      "Hash": "e4e357f28c2edff493936b6cb30c3d65",
      "Requirements": [
        "xfun"
      ]
    },
    "tzdb": {
      "Package": "tzdb",
      "Version": "0.4.0",
      "Source": "Repository",
      "Repository": "CRAN",
      "Hash": "f561504ec2897f4d46f0c7657e488ae1",
      "Requirements": [
        "cpp11"
      ]
    },
    "usethis": {
      "Package": "usethis",
      "Version": "2.2.1",
      "Source": "Repository",
      "Repository": "CRAN",
      "Hash": "13e65f22c6cb1aaad65f437a4bc5a6d2",
      "Requirements": [
        "cli",
        "clipr",
        "crayon",
        "curl",
        "desc",
        "fs",
        "gert",
        "gh",
        "glue",
        "jsonlite",
        "lifecycle",
        "purrr",
        "rappdirs",
        "rlang",
        "rprojroot",
        "rstudioapi",
        "whisker",
        "withr",
        "yaml"
      ]
    },
    "utf8": {
      "Package": "utf8",
      "Version": "1.2.3",
      "Source": "Repository",
      "Repository": "CRAN",
      "Hash": "1fe17157424bb09c48a8b3b550c753bc",
      "Requirements": []
    },
    "vctrs": {
      "Package": "vctrs",
      "Version": "0.6.3",
      "Source": "Repository",
      "Repository": "CRAN",
      "Hash": "d0ef2856b83dc33ea6e255caf6229ee2",
      "Requirements": [
        "cli",
        "glue",
        "lifecycle",
        "rlang"
      ]
    },
    "vroom": {
      "Package": "vroom",
      "Version": "1.6.3",
      "Source": "Repository",
      "Repository": "CRAN",
      "Hash": "8318e64ffb3a70e652494017ec455561",
      "Requirements": [
        "bit64",
        "cli",
        "cpp11",
        "crayon",
        "glue",
        "hms",
        "lifecycle",
        "progress",
        "rlang",
        "tibble",
        "tidyselect",
        "tzdb",
        "vctrs",
        "withr"
      ]
    },
    "whisker": {
      "Package": "whisker",
      "Version": "0.4.1",
      "Source": "Repository",
      "Repository": "CRAN",
      "Hash": "c6abfa47a46d281a7d5159d0a8891e88",
      "Requirements": []
    },
    "withr": {
      "Package": "withr",
      "Version": "2.5.0",
      "Source": "Repository",
      "Repository": "CRAN",
      "Hash": "c0e49a9760983e81e55cdd9be92e7182",
      "Requirements": []
    },
    "xfun": {
      "Package": "xfun",
      "Version": "0.39",
      "Source": "Repository",
      "Repository": "CRAN",
      "Hash": "8f56e9acb54fb525e66464d57ab58bcb",
      "Requirements": []
    },
    "xml2": {
      "Package": "xml2",
      "Version": "1.3.4",
      "Source": "Repository",
      "Repository": "CRAN",
      "Hash": "7dc765ac9b909487326a7d471fdd3821",
      "Requirements": []
    },
    "yaml": {
      "Package": "yaml",
      "Version": "2.3.7",
      "Source": "Repository",
      "Repository": "CRAN",
      "Hash": "0d0056cc5383fbc240ccd0cb584bf436",
      "Requirements": []
    },
    "zip": {
      "Package": "zip",
      "Version": "2.3.0",
      "Source": "Repository",
      "Repository": "CRAN",
      "Hash": "d98c94dacb7e0efcf83b0a133a705504",
      "Requirements": []
    }
  }
}
